
Microsoft Visual Studio Solution File, Format Version 12.00
# Visual Studio Version 17
Project("{8BC9CEB8-8B4A-11D0-8D11-00A0C91BC942}") = "ALL_BUILD", "ALL_BUILD.vcxproj", "{96582F3C-D980-38F1-9CC4-1E2557C25C17}"
	ProjectSection(ProjectDependencies) = postProject
		{941F1BE5-ABCD-3516-B5A2-2F9CEC96D287} = {941F1BE5-ABCD-3516-B5A2-2F9CEC96D287}
		{6369C04B-8D89-3E77-91C2-A2694ACCB327} = {6369C04B-8D89-3E77-91C2-A2694ACCB327}
		{D67DAB92-09C1-3549-A7D9-0C2D9C89FDD9} = {D67DAB92-09C1-3549-A7D9-0C2D9C89FDD9}
		{623130E5-B3A0-306A-948C-189EAF1386CD} = {623130E5-B3A0-306A-948C-189EAF1386CD}
		{1E5046A5-5AB6-3983-8C2C-97AFA31EFEEC} = {1E5046A5-5AB6-3983-8C2C-97AFA31EFEEC}
	EndProjectSection
EndProject
Project("{8BC9CEB8-8B4A-11D0-8D11-00A0C91BC942}") = "ClientsDB", "ClientsDB.vcxproj", "{941F1BE5-ABCD-3516-B5A2-2F9CEC96D287}"
	ProjectSection(ProjectDependencies) = postProject
		{6369C04B-8D89-3E77-91C2-A2694ACCB327} = {6369C04B-8D89-3E77-91C2-A2694ACCB327}
		{623130E5-B3A0-306A-948C-189EAF1386CD} = {623130E5-B3A0-306A-948C-189EAF1386CD}
	EndProjectSection
EndProject
Project("{8BC9CEB8-8B4A-11D0-8D11-00A0C91BC942}") = "INSTALL", "INSTALL.vcxproj", "{29F77A73-1225-3D4A-8A45-C75F106EB355}"
	ProjectSection(ProjectDependencies) = postProject
		{96582F3C-D980-38F1-9CC4-1E2557C25C17} = {96582F3C-D980-38F1-9CC4-1E2557C25C17}
		{6369C04B-8D89-3E77-91C2-A2694ACCB327} = {6369C04B-8D89-3E77-91C2-A2694ACCB327}
	EndProjectSection
EndProject
Project("{8BC9CEB8-8B4A-11D0-8D11-00A0C91BC942}") = "PACKAGE", "PACKAGE.vcxproj", "{76217AF3-E90D-356F-B361-8B4B6EFD78FB}"
	ProjectSection(ProjectDependencies) = postProject
		{96582F3C-D980-38F1-9CC4-1E2557C25C17} = {96582F3C-D980-38F1-9CC4-1E2557C25C17}
		{6369C04B-8D89-3E77-91C2-A2694ACCB327} = {6369C04B-8D89-3E77-91C2-A2694ACCB327}
	EndProjectSection
EndProject
Project("{8BC9CEB8-8B4A-11D0-8D11-00A0C91BC942}") = "ZERO_CHECK", "ZERO_CHECK.vcxproj", "{6369C04B-8D89-3E77-91C2-A2694ACCB327}"
	ProjectSection(ProjectDependencies) = postProject
	EndProjectSection
EndProject
Project("{8BC9CEB8-8B4A-11D0-8D11-00A0C91BC942}") = "build-docs", "libpqxx-build\doc\build-docs.vcxproj", "{D67DAB92-09C1-3549-A7D9-0C2D9C89FDD9}"
	ProjectSection(ProjectDependencies) = postProject
		{6369C04B-8D89-3E77-91C2-A2694ACCB327} = {6369C04B-8D89-3E77-91C2-A2694ACCB327}
	EndProjectSection
EndProject
Project("{8BC9CEB8-8B4A-11D0-8D11-00A0C91BC942}") = "pqxx", "libpqxx-build\src\pqxx.vcxproj", "{623130E5-B3A0-306A-948C-189EAF1386CD}"
	ProjectSection(ProjectDependencies) = postProject
		{6369C04B-8D89-3E77-91C2-A2694ACCB327} = {6369C04B-8D89-3E77-91C2-A2694ACCB327}
	EndProjectSection
EndProject
Project("{8BC9CEB8-8B4A-11D0-8D11-00A0C91BC942}") = "runner", "libpqxx-build\test\runner.vcxproj", "{1E5046A5-5AB6-3983-8C2C-97AFA31EFEEC}"
	ProjectSection(ProjectDependencies) = postProject
		{6369C04B-8D89-3E77-91C2-A2694ACCB327} = {6369C04B-8D89-3E77-91C2-A2694ACCB327}
		{623130E5-B3A0-306A-948C-189EAF1386CD} = {623130E5-B3A0-306A-948C-189EAF1386CD}
	EndProjectSection
EndProject
Global
	GlobalSection(SolutionConfigurationPlatforms) = preSolution
		Debug|x64 = Debug|x64
		Release|x64 = Release|x64
		MinSizeRel|x64 = MinSizeRel|x64
		RelWithDebInfo|x64 = RelWithDebInfo|x64
	EndGlobalSection
	GlobalSection(ProjectConfigurationPlatforms) = postSolution
		{96582F3C-D980-38F1-9CC4-1E2557C25C17}.Debug|x64.ActiveCfg = Debug|x64
		{96582F3C-D980-38F1-9CC4-1E2557C25C17}.Debug|x64.Build.0 = Debug|x64
		{96582F3C-D980-38F1-9CC4-1E2557C25C17}.Release|x64.ActiveCfg = Release|x64
		{96582F3C-D980-38F1-9CC4-1E2557C25C17}.Release|x64.Build.0 = Release|x64
		{96582F3C-D980-38F1-9CC4-1E2557C25C17}.MinSizeRel|x64.ActiveCfg = MinSizeRel|x64
		{96582F3C-D980-38F1-9CC4-1E2557C25C17}.MinSizeRel|x64.Build.0 = MinSizeRel|x64
		{96582F3C-D980-38F1-9CC4-1E2557C25C17}.RelWithDebInfo|x64.ActiveCfg = RelWithDebInfo|x64
		{96582F3C-D980-38F1-9CC4-1E2557C25C17}.RelWithDebInfo|x64.Build.0 = RelWithDebInfo|x64
		{941F1BE5-ABCD-3516-B5A2-2F9CEC96D287}.Debug|x64.ActiveCfg = Debug|x64
		{941F1BE5-ABCD-3516-B5A2-2F9CEC96D287}.Debug|x64.Build.0 = Debug|x64
		{941F1BE5-ABCD-3516-B5A2-2F9CEC96D287}.Release|x64.ActiveCfg = Release|x64
		{941F1BE5-ABCD-3516-B5A2-2F9CEC96D287}.Release|x64.Build.0 = Release|x64
		{941F1BE5-ABCD-3516-B5A2-2F9CEC96D287}.MinSizeRel|x64.ActiveCfg = MinSizeRel|x64
		{941F1BE5-ABCD-3516-B5A2-2F9CEC96D287}.MinSizeRel|x64.Build.0 = MinSizeRel|x64
		{941F1BE5-ABCD-3516-B5A2-2F9CEC96D287}.RelWithDebInfo|x64.ActiveCfg = RelWithDebInfo|x64
		{941F1BE5-ABCD-3516-B5A2-2F9CEC96D287}.RelWithDebInfo|x64.Build.0 = RelWithDebInfo|x64
		{29F77A73-1225-3D4A-8A45-C75F106EB355}.Debug|x64.ActiveCfg = Debug|x64
		{29F77A73-1225-3D4A-8A45-C75F106EB355}.Release|x64.ActiveCfg = Release|x64
		{29F77A73-1225-3D4A-8A45-C75F106EB355}.MinSizeRel|x64.ActiveCfg = MinSizeRel|x64
		{29F77A73-1225-3D4A-8A45-C75F106EB355}.RelWithDebInfo|x64.ActiveCfg = RelWithDebInfo|x64
		{76217AF3-E90D-356F-B361-8B4B6EFD78FB}.Debug|x64.ActiveCfg = Debug|x64
		{76217AF3-E90D-356F-B361-8B4B6EFD78FB}.Release|x64.ActiveCfg = Release|x64
		{76217AF3-E90D-356F-B361-8B4B6EFD78FB}.MinSizeRel|x64.ActiveCfg = MinSizeRel|x64
		{76217AF3-E90D-356F-B361-8B4B6EFD78FB}.RelWithDebInfo|x64.ActiveCfg = RelWithDebInfo|x64
		{6369C04B-8D89-3E77-91C2-A2694ACCB327}.Debug|x64.ActiveCfg = Debug|x64
		{6369C04B-8D89-3E77-91C2-A2694ACCB327}.Debug|x64.Build.0 = Debug|x64
		{6369C04B-8D89-3E77-91C2-A2694ACCB327}.Release|x64.ActiveCfg = Release|x64
		{6369C04B-8D89-3E77-91C2-A2694ACCB327}.Release|x64.Build.0 = Release|x64
		{6369C04B-8D89-3E77-91C2-A2694ACCB327}.MinSizeRel|x64.ActiveCfg = MinSizeRel|x64
		{6369C04B-8D89-3E77-91C2-A2694ACCB327}.MinSizeRel|x64.Build.0 = MinSizeRel|x64
		{6369C04B-8D89-3E77-91C2-A2694ACCB327}.RelWithDebInfo|x64.ActiveCfg = RelWithDebInfo|x64
		{6369C04B-8D89-3E77-91C2-A2694ACCB327}.RelWithDebInfo|x64.Build.0 = RelWithDebInfo|x64
		{D67DAB92-09C1-3549-A7D9-0C2D9C89FDD9}.Debug|x64.ActiveCfg = Debug|x64
		{D67DAB92-09C1-3549-A7D9-0C2D9C89FDD9}.Debug|x64.Build.0 = Debug|x64
		{D67DAB92-09C1-3549-A7D9-0C2D9C89FDD9}.Release|x64.ActiveCfg = Release|x64
		{D67DAB92-09C1-3549-A7D9-0C2D9C89FDD9}.Release|x64.Build.0 = Release|x64
		{D67DAB92-09C1-3549-A7D9-0C2D9C89FDD9}.MinSizeRel|x64.ActiveCfg = MinSizeRel|x64
		{D67DAB92-09C1-3549-A7D9-0C2D9C89FDD9}.MinSizeRel|x64.Build.0 = MinSizeRel|x64
		{D67DAB92-09C1-3549-A7D9-0C2D9C89FDD9}.RelWithDebInfo|x64.ActiveCfg = RelWithDebInfo|x64
		{D67DAB92-09C1-3549-A7D9-0C2D9C89FDD9}.RelWithDebInfo|x64.Build.0 = RelWithDebInfo|x64
		{623130E5-B3A0-306A-948C-189EAF1386CD}.Debug|x64.ActiveCfg = Debug|x64
		{623130E5-B3A0-306A-948C-189EAF1386CD}.Debug|x64.Build.0 = Debug|x64
		{623130E5-B3A0-306A-948C-189EAF1386CD}.Release|x64.ActiveCfg = Release|x64
		{623130E5-B3A0-306A-948C-189EAF1386CD}.Release|x64.Build.0 = Release|x64
		{623130E5-B3A0-306A-948C-189EAF1386CD}.MinSizeRel|x64.ActiveCfg = MinSizeRel|x64
		{623130E5-B3A0-306A-948C-189EAF1386CD}.MinSizeRel|x64.Build.0 = MinSizeRel|x64
		{623130E5-B3A0-306A-948C-189EAF1386CD}.RelWithDebInfo|x64.ActiveCfg = RelWithDebInfo|x64
		{623130E5-B3A0-306A-948C-189EAF1386CD}.RelWithDebInfo|x64.Build.0 = RelWithDebInfo|x64
		{1E5046A5-5AB6-3983-8C2C-97AFA31EFEEC}.Debug|x64.ActiveCfg = Debug|x64
		{1E5046A5-5AB6-3983-8C2C-97AFA31EFEEC}.Debug|x64.Build.0 = Debug|x64
		{1E5046A5-5AB6-3983-8C2C-97AFA31EFEEC}.Release|x64.ActiveCfg = Release|x64
		{1E5046A5-5AB6-3983-8C2C-97AFA31EFEEC}.Release|x64.Build.0 = Release|x64
		{1E5046A5-5AB6-3983-8C2C-97AFA31EFEEC}.MinSizeRel|x64.ActiveCfg = MinSizeRel|x64
		{1E5046A5-5AB6-3983-8C2C-97AFA31EFEEC}.MinSizeRel|x64.Build.0 = MinSizeRel|x64
		{1E5046A5-5AB6-3983-8C2C-97AFA31EFEEC}.RelWithDebInfo|x64.ActiveCfg = RelWithDebInfo|x64
		{1E5046A5-5AB6-3983-8C2C-97AFA31EFEEC}.RelWithDebInfo|x64.Build.0 = RelWithDebInfo|x64
	EndGlobalSection
	GlobalSection(ExtensibilityGlobals) = postSolution
		SolutionGuid = {D11B5427-086C-3E10-BBD0-70DFF4004907}
	EndGlobalSection
	GlobalSection(ExtensibilityAddIns) = postSolution
	EndGlobalSection
EndGlobal
