<?xml version="1.0" encoding="utf-8"?>
<Project ToolsVersion="17.0" xmlns="http://schemas.microsoft.com/developer/msbuild/2003">
  <ItemGroup>
    <CustomBuild Include="C:\Users\Nastia\OneDrive\Рабочий стол\HW_BD\CMakeFiles\2c4b41d32faa7ddcf48e31229d88f545\PACKAGE_force.rule">
      <Filter>CMake Rules</Filter>
    </CustomBuild>
  </ItemGroup>
  <ItemGroup>
    <Filter Include="CMake Rules">
      <UniqueIdentifier>{CAEB3B68-CA45-37D2-A761-221CB4B9DE09}</UniqueIdentifier>
    </Filter>
  </ItemGroup>
</Project>
