<?xml version="1.0" encoding="utf-8"?>
<Project ToolsVersion="17.0" xmlns="http://schemas.microsoft.com/developer/msbuild/2003">
  <ItemGroup>
    <CustomBuild Include="C:\Users\Nastia\OneDrive\Рабочий стол\HW_BD\CMakeFiles\9894643ceb4d27e7ad5d8d502d5524d4\build-docs.rule">
      <Filter>CMake Rules</Filter>
    </CustomBuild>
    <CustomBuild Include="C:\LIBPQ\libpqxx-7.10.0\libpqxx-7.10.0\doc\CMakeLists.txt" />
  </ItemGroup>
  <ItemGroup>
    <None Include="C:\Users\Nastia\OneDrive\Рабочий стол\HW_BD\libpqxx-build\doc\CMakeFiles\build-docs" />
  </ItemGroup>
  <ItemGroup>
    <Filter Include="CMake Rules">
      <UniqueIdentifier>{CAEB3B68-CA45-37D2-A761-221CB4B9DE09}</UniqueIdentifier>
    </Filter>
  </ItemGroup>
</Project>
